
Microsoft Visual Studio Solution File, Format Version 12.00
# Visual Studio Version 17
VisualStudioVersion = 17.12.35514.174
MinimumVisualStudioVersion = 10.0.40219.1
Project("{FAE04EC0-301F-11D3-BF4B-00C04F79EFBC}") = "1. Reverse a String", "1. Reverse a String\1. Reverse a String.csproj", "{D33B4B7C-8859-40AE-ABBE-77EAFFB87EBE}"
EndProject
Project("{2150E333-8FDC-42A3-9474-1A3956D46DE8}") = "Advanced", "Advanced", "{907E93C5-BB50-4712-91B5-6C28D2CEF70B}"
EndProject
Project("{2150E333-8FDC-42A3-9474-1A3956D46DE8}") = "OOP", "OOP", "{943AE22E-08E9-43AB-854A-F6E840D1565D}"
EndProject
Project("{2150E333-8FDC-42A3-9474-1A3956D46DE8}") = "Stacks and Queues - Lab", "Stacks and Queues - Lab", "{46D9A9F0-ECF3-4358-BA8A-6A82DD39297E}"
EndProject
Project("{FAE04EC0-301F-11D3-BF4B-00C04F79EFBC}") = "2. Stack Sum", "2. Stack Sum\2. Stack Sum.csproj", "{F24A0C7D-DBCA-4FD1-A88C-ACBB016E10F7}"
EndProject
Project("{FAE04EC0-301F-11D3-BF4B-00C04F79EFBC}") = "1. Basic Stack Operations", "1. Basic Stack Operations\1. Basic Stack Operations.csproj", "{02F9EBBD-920F-40FF-94BA-3C321114C8C6}"
EndProject
Project("{2150E333-8FDC-42A3-9474-1A3956D46DE8}") = "Stacks and Queues - Exercise", "Stacks and Queues - Exercise", "{1EDEDA00-FA06-42ED-9559-2E374F27D383}"
EndProject
Project("{2150E333-8FDC-42A3-9474-1A3956D46DE8}") = "Exam Preparation", "Exam Preparation", "{C2AAE091-380D-4FF3-A7D0-49F908AC5459}"
EndProject
Project("{FAE04EC0-301F-11D3-BF4B-00C04F79EFBC}") = "01. Climb the Peaks", "01. Climb the Peaks\01. Climb the Peaks.csproj", "{76D1CB95-4496-4AAF-B441-004FB1937071}"
EndProject
Project("{FAE04EC0-301F-11D3-BF4B-00C04F79EFBC}") = "02. Bomb Has Been Planted", "02. Bomb Has Been Planted\02. Bomb Has Been Planted.csproj", "{EF467C29-810C-47BE-9383-9DB468ACEC1A}"
EndProject
Project("{FAE04EC0-301F-11D3-BF4B-00C04F79EFBC}") = "DataCenter", "..\..\..\..\..\1 stuff\projects\софтуни\DataCenter_Skeleton\DataCenter\DataCenter.csproj", "{900A8EA8-46AF-4FB9-9C05-6142963522B3}"
EndProject
Project("{2150E333-8FDC-42A3-9474-1A3956D46DE8}") = "Exam Preparation 2", "Exam Preparation 2", "{F4B26270-045D-484A-BAED-AABE8BFBAF8B}"
EndProject
Project("{FAE04EC0-301F-11D3-BF4B-00C04F79EFBC}") = "01. Pie Pursuit", "01. Pie Pursuit\01. Pie Pursuit.csproj", "{43939D8D-2F42-4CA7-8846-4996DE990EF9}"
EndProject
Project("{FAE04EC0-301F-11D3-BF4B-00C04F79EFBC}") = "02. Escape the Maze", "02. Escape the Maze\02. Escape the Maze.csproj", "{D676F94C-8831-4559-B196-8DBCCA4D74FE}"
EndProject
Project("{FAE04EC0-301F-11D3-BF4B-00C04F79EFBC}") = "ShoeStore", "03. Shoe Store_Skeleton_6.0\ShoeStore.csproj", "{F4BE7C85-E69E-4246-A7A7-E2CC4ABF9AD5}"
EndProject
Project("{2150E333-8FDC-42A3-9474-1A3956D46DE8}") = "Exam Preparation 3", "Exam Preparation 3", "{81DBF425-8959-4262-AD99-90268D7A7F57}"
EndProject
Project("{FAE04EC0-301F-11D3-BF4B-00C04F79EFBC}") = "01. Ball Game", "01. Ball Game\01. Ball Game.csproj", "{97F4EC81-3B2E-4A0B-9B43-B4714DC5723B}"
EndProject
Project("{FAE04EC0-301F-11D3-BF4B-00C04F79EFBC}") = "02. Navy Battle", "02. Navy Battle\02. Navy Battle.csproj", "{161C988F-5CDA-4F03-8739-74B3D5A486CA}"
EndProject
Project("{FAE04EC0-301F-11D3-BF4B-00C04F79EFBC}") = "CreaturesOfTheCode", "3. Creatues of the code\CreaturesOfTheCode.csproj", "{1F5AF6CC-C63C-4DA3-BF00-7E664067AC7B}"
EndProject
Project("{2150E333-8FDC-42A3-9474-1A3956D46DE8}") = "Exam Preparation 4", "Exam Preparation 4", "{E42A2159-23C5-491D-B2A5-830E50FB7121}"
EndProject
Project("{FAE04EC0-301F-11D3-BF4B-00C04F79EFBC}") = "01. Rubber Duck Debugers", "01. Rubber Duck Debugers\01. Rubber Duck Debugers.csproj", "{B9B10E5D-ED2D-40C3-B58E-2F7B17F17503}"
EndProject
Project("{FAE04EC0-301F-11D3-BF4B-00C04F79EFBC}") = "2. Delivery Boy", "2. Delivery Boy\2. Delivery Boy.csproj", "{AD50BCC6-B560-4A7C-8676-7ECD1DE68312}"
EndProject
Project("{FAE04EC0-301F-11D3-BF4B-00C04F79EFBC}") = "NewsFeed", "03. News Feed\NewsFeed.csproj", "{B1A137A0-82E4-4236-BD2B-5A96993E7319}"
EndProject
Project("{2150E333-8FDC-42A3-9474-1A3956D46DE8}") = "Exam Preparation 5", "Exam Preparation 5", "{94EFBF16-887E-4358-8024-1526655969BB}"
EndProject
Project("{FAE04EC0-301F-11D3-BF4B-00C04F79EFBC}") = "01. Monster Extermination", "01. Monster Extermination\01. Monster Extermination.csproj", "{43B5F312-81B9-439E-9B4D-D039B99984D7}"
EndProject
Project("{FAE04EC0-301F-11D3-BF4B-00C04F79EFBC}") = "02. The Squirrel", "02. The Squirrel\02. The Squirrel.csproj", "{9ABA988E-4996-451C-8C66-65F4F1B00D2B}"
EndProject
Project("{FAE04EC0-301F-11D3-BF4B-00C04F79EFBC}") = "ClothesMagazine", "3 ClothesMagazine\ClothesMagazine.csproj", "{9F88E33A-28A5-4E77-B8CA-5123AB43A52E}"
EndProject
Project("{2150E333-8FDC-42A3-9474-1A3956D46DE8}") = "Exam Preparation 6", "Exam Preparation 6", "{04C73AD9-5881-4C86-ABEC-BC061B937F5B}"
EndProject
Project("{FAE04EC0-301F-11D3-BF4B-00C04F79EFBC}") = "1 Click Bait", "1 Click Bait\1 Click Bait.csproj", "{9DAEA9D5-E5AD-4D0E-8255-326B63198B6E}"
EndProject
Project("{FAE04EC0-301F-11D3-BF4B-00C04F79EFBC}") = "02. Space Mission", "02. Space Mission\02. Space Mission.csproj", "{8518E28B-4B26-4819-9364-2BFC27435489}"
EndProject
Project("{FAE04EC0-301F-11D3-BF4B-00C04F79EFBC}") = "VendingSystem", "3 Vending System\VendingSystem.csproj", "{9DF0ECB1-0370-48CE-970C-74CC74D0124F}"
EndProject
Project("{2150E333-8FDC-42A3-9474-1A3956D46DE8}") = "Regular Exam", "Regular Exam", "{0BD5CC4C-AD5F-4945-97DD-2D1F2ECF0717}"
EndProject
Project("{FAE04EC0-301F-11D3-BF4B-00C04F79EFBC}") = "1 Medieval Alchemy", "1 Medieval Alchemy\1 Medieval Alchemy.csproj", "{0FF8AB22-E79F-4400-918D-253D77CF6682}"
EndProject
Project("{FAE04EC0-301F-11D3-BF4B-00C04F79EFBC}") = "CloudDrive", "3 Cloud Drive\CloudDrive.csproj", "{83C419A8-AA86-4814-B7BE-D1A84301C75B}"
EndProject
Project("{FAE04EC0-301F-11D3-BF4B-00C04F79EFBC}") = "theory", "theory\theory.csproj", "{C5BB0954-BF0F-4EE5-ADA7-AED9C4A92DF9}"
EndProject
Project("{FAE04EC0-301F-11D3-BF4B-00C04F79EFBC}") = "Space Mission tester", "Space Mission tester\Space Mission tester.csproj", "{308882D7-DB15-4920-BA13-F99521A1B905}"
EndProject
Project("{2150E333-8FDC-42A3-9474-1A3956D46DE8}") = "Exam preparation 1 part 1", "Exam preparation 1 part 1", "{F9B2F3BF-7832-4FF0-BB9B-59760B197A70}"
EndProject
Project("{FAE04EC0-301F-11D3-BF4B-00C04F79EFBC}") = "BlackFriday", "BlackFriday-Skeleton\BlackFriday\BlackFriday.csproj", "{FADE9C5E-7899-4BF5-BB87-71FC38AE743F}"
EndProject
Project("{2150E333-8FDC-42A3-9474-1A3956D46DE8}") = "Exam preparation 2 part 1", "Exam preparation 2 part 1", "{AA6E65C4-C12D-4C05-B87D-E3644568365D}"
EndProject
Project("{FAE04EC0-301F-11D3-BF4B-00C04F79EFBC}") = "CyberSecurityDS", "CyberSecurityDS\CyberSecurityDS.csproj", "{37C3ECDE-0B79-413B-9D7F-266E7AB41AA5}"
EndProject
Project("{FAE04EC0-301F-11D3-BF4B-00C04F79EFBC}") = "CyberSecurityDS with baserepository", "CyberSecurityDS with baserepository\CyberSecurityDS with baserepository.csproj", "{BB2183D4-47F1-4C1E-935F-EC86D3F6B4F2}"
EndProject
Project("{2150E333-8FDC-42A3-9474-1A3956D46DE8}") = "Exam preparation 3 part 1 and part 2", "Exam preparation 3 part 1 and part 2", "{62F08F8E-3AB4-441E-8E52-866A2933AD94}"
EndProject
Project("{FAE04EC0-301F-11D3-BF4B-00C04F79EFBC}") = "TheContentDepartment", "TheContentDepartment\TheContentDepartment.csproj", "{7A561973-6FB8-40DE-BE19-337DC336F3C8}"
EndProject
Project("{FAE04EC0-301F-11D3-BF4B-00C04F79EFBC}") = "RecourceCloud", "RecourceCloud-Skeleton\RecourceCloud\RecourceCloud.csproj", "{B3B84F2C-F1B5-4C10-A8ED-57C711F0434C}"
EndProject
Project("{FAE04EC0-301F-11D3-BF4B-00C04F79EFBC}") = "RecourceCloud.Tests", "RecourceCloud-Skeleton\RecourceCloud.Tests\RecourceCloud.Tests.csproj", "{009C5D02-2A95-47FE-B9CF-A1096BC1AE0D}"
EndProject
Project("{2150E333-8FDC-42A3-9474-1A3956D46DE8}") = "Exam preparation 4", "Exam preparation 4", "{BD7D4C97-8CD0-4FC6-ABA1-158ED3638223}"
EndProject
Project("{2150E333-8FDC-42A3-9474-1A3956D46DE8}") = "Exam", "Exam", "{ECE3A9BA-4B59-4B8C-9F99-8202FF5F9538}"
EndProject
Project("{FAE04EC0-301F-11D3-BF4B-00C04F79EFBC}") = "InfluencerManagerApp", "InfluencerManagerApp\InfluencerManagerApp.csproj", "{B6F8555E-0E47-467D-B720-D7B199D9A519}"
EndProject
Project("{FAE04EC0-301F-11D3-BF4B-00C04F79EFBC}") = "SocialMediaManager", "SocialMediaManager-Skeleton\SocialMediaManager\SocialMediaManager.csproj", "{62F6794B-22B0-4EE0-B840-5E5D70D9E7B3}"
EndProject
Project("{FAE04EC0-301F-11D3-BF4B-00C04F79EFBC}") = "SocialMediaManager.Tests", "SocialMediaManager-Skeleton\SocialMediaManager.Tests\SocialMediaManager.Tests.csproj", "{EF1B1B7D-444D-4ADF-B60C-029DBD9E5130}"
EndProject
Global
	GlobalSection(SolutionConfigurationPlatforms) = preSolution
		Debug|Any CPU = Debug|Any CPU
		Release|Any CPU = Release|Any CPU
	EndGlobalSection
	GlobalSection(ProjectConfigurationPlatforms) = postSolution
		{D33B4B7C-8859-40AE-ABBE-77EAFFB87EBE}.Debug|Any CPU.ActiveCfg = Debug|Any CPU
		{D33B4B7C-8859-40AE-ABBE-77EAFFB87EBE}.Debug|Any CPU.Build.0 = Debug|Any CPU
		{D33B4B7C-8859-40AE-ABBE-77EAFFB87EBE}.Release|Any CPU.ActiveCfg = Release|Any CPU
		{D33B4B7C-8859-40AE-ABBE-77EAFFB87EBE}.Release|Any CPU.Build.0 = Release|Any CPU
		{F24A0C7D-DBCA-4FD1-A88C-ACBB016E10F7}.Debug|Any CPU.ActiveCfg = Debug|Any CPU
		{F24A0C7D-DBCA-4FD1-A88C-ACBB016E10F7}.Debug|Any CPU.Build.0 = Debug|Any CPU
		{F24A0C7D-DBCA-4FD1-A88C-ACBB016E10F7}.Release|Any CPU.ActiveCfg = Release|Any CPU
		{F24A0C7D-DBCA-4FD1-A88C-ACBB016E10F7}.Release|Any CPU.Build.0 = Release|Any CPU
		{02F9EBBD-920F-40FF-94BA-3C321114C8C6}.Debug|Any CPU.ActiveCfg = Debug|Any CPU
		{02F9EBBD-920F-40FF-94BA-3C321114C8C6}.Debug|Any CPU.Build.0 = Debug|Any CPU
		{02F9EBBD-920F-40FF-94BA-3C321114C8C6}.Release|Any CPU.ActiveCfg = Release|Any CPU
		{02F9EBBD-920F-40FF-94BA-3C321114C8C6}.Release|Any CPU.Build.0 = Release|Any CPU
		{76D1CB95-4496-4AAF-B441-004FB1937071}.Debug|Any CPU.ActiveCfg = Debug|Any CPU
		{76D1CB95-4496-4AAF-B441-004FB1937071}.Debug|Any CPU.Build.0 = Debug|Any CPU
		{76D1CB95-4496-4AAF-B441-004FB1937071}.Release|Any CPU.ActiveCfg = Release|Any CPU
		{76D1CB95-4496-4AAF-B441-004FB1937071}.Release|Any CPU.Build.0 = Release|Any CPU
		{EF467C29-810C-47BE-9383-9DB468ACEC1A}.Debug|Any CPU.ActiveCfg = Debug|Any CPU
		{EF467C29-810C-47BE-9383-9DB468ACEC1A}.Debug|Any CPU.Build.0 = Debug|Any CPU
		{EF467C29-810C-47BE-9383-9DB468ACEC1A}.Release|Any CPU.ActiveCfg = Release|Any CPU
		{EF467C29-810C-47BE-9383-9DB468ACEC1A}.Release|Any CPU.Build.0 = Release|Any CPU
		{900A8EA8-46AF-4FB9-9C05-6142963522B3}.Debug|Any CPU.ActiveCfg = Debug|Any CPU
		{900A8EA8-46AF-4FB9-9C05-6142963522B3}.Debug|Any CPU.Build.0 = Debug|Any CPU
		{900A8EA8-46AF-4FB9-9C05-6142963522B3}.Release|Any CPU.ActiveCfg = Release|Any CPU
		{900A8EA8-46AF-4FB9-9C05-6142963522B3}.Release|Any CPU.Build.0 = Release|Any CPU
		{43939D8D-2F42-4CA7-8846-4996DE990EF9}.Debug|Any CPU.ActiveCfg = Debug|Any CPU
		{43939D8D-2F42-4CA7-8846-4996DE990EF9}.Debug|Any CPU.Build.0 = Debug|Any CPU
		{43939D8D-2F42-4CA7-8846-4996DE990EF9}.Release|Any CPU.ActiveCfg = Release|Any CPU
		{43939D8D-2F42-4CA7-8846-4996DE990EF9}.Release|Any CPU.Build.0 = Release|Any CPU
		{D676F94C-8831-4559-B196-8DBCCA4D74FE}.Debug|Any CPU.ActiveCfg = Debug|Any CPU
		{D676F94C-8831-4559-B196-8DBCCA4D74FE}.Debug|Any CPU.Build.0 = Debug|Any CPU
		{D676F94C-8831-4559-B196-8DBCCA4D74FE}.Release|Any CPU.ActiveCfg = Release|Any CPU
		{D676F94C-8831-4559-B196-8DBCCA4D74FE}.Release|Any CPU.Build.0 = Release|Any CPU
		{F4BE7C85-E69E-4246-A7A7-E2CC4ABF9AD5}.Debug|Any CPU.ActiveCfg = Debug|Any CPU
		{F4BE7C85-E69E-4246-A7A7-E2CC4ABF9AD5}.Debug|Any CPU.Build.0 = Debug|Any CPU
		{F4BE7C85-E69E-4246-A7A7-E2CC4ABF9AD5}.Release|Any CPU.ActiveCfg = Release|Any CPU
		{F4BE7C85-E69E-4246-A7A7-E2CC4ABF9AD5}.Release|Any CPU.Build.0 = Release|Any CPU
		{97F4EC81-3B2E-4A0B-9B43-B4714DC5723B}.Debug|Any CPU.ActiveCfg = Debug|Any CPU
		{97F4EC81-3B2E-4A0B-9B43-B4714DC5723B}.Debug|Any CPU.Build.0 = Debug|Any CPU
		{97F4EC81-3B2E-4A0B-9B43-B4714DC5723B}.Release|Any CPU.ActiveCfg = Release|Any CPU
		{97F4EC81-3B2E-4A0B-9B43-B4714DC5723B}.Release|Any CPU.Build.0 = Release|Any CPU
		{161C988F-5CDA-4F03-8739-74B3D5A486CA}.Debug|Any CPU.ActiveCfg = Debug|Any CPU
		{161C988F-5CDA-4F03-8739-74B3D5A486CA}.Debug|Any CPU.Build.0 = Debug|Any CPU
		{161C988F-5CDA-4F03-8739-74B3D5A486CA}.Release|Any CPU.ActiveCfg = Release|Any CPU
		{161C988F-5CDA-4F03-8739-74B3D5A486CA}.Release|Any CPU.Build.0 = Release|Any CPU
		{1F5AF6CC-C63C-4DA3-BF00-7E664067AC7B}.Debug|Any CPU.ActiveCfg = Debug|Any CPU
		{1F5AF6CC-C63C-4DA3-BF00-7E664067AC7B}.Debug|Any CPU.Build.0 = Debug|Any CPU
		{1F5AF6CC-C63C-4DA3-BF00-7E664067AC7B}.Release|Any CPU.ActiveCfg = Release|Any CPU
		{1F5AF6CC-C63C-4DA3-BF00-7E664067AC7B}.Release|Any CPU.Build.0 = Release|Any CPU
		{B9B10E5D-ED2D-40C3-B58E-2F7B17F17503}.Debug|Any CPU.ActiveCfg = Debug|Any CPU
		{B9B10E5D-ED2D-40C3-B58E-2F7B17F17503}.Debug|Any CPU.Build.0 = Debug|Any CPU
		{B9B10E5D-ED2D-40C3-B58E-2F7B17F17503}.Release|Any CPU.ActiveCfg = Release|Any CPU
		{B9B10E5D-ED2D-40C3-B58E-2F7B17F17503}.Release|Any CPU.Build.0 = Release|Any CPU
		{AD50BCC6-B560-4A7C-8676-7ECD1DE68312}.Debug|Any CPU.ActiveCfg = Debug|Any CPU
		{AD50BCC6-B560-4A7C-8676-7ECD1DE68312}.Debug|Any CPU.Build.0 = Debug|Any CPU
		{AD50BCC6-B560-4A7C-8676-7ECD1DE68312}.Release|Any CPU.ActiveCfg = Release|Any CPU
		{AD50BCC6-B560-4A7C-8676-7ECD1DE68312}.Release|Any CPU.Build.0 = Release|Any CPU
		{B1A137A0-82E4-4236-BD2B-5A96993E7319}.Debug|Any CPU.ActiveCfg = Debug|Any CPU
		{B1A137A0-82E4-4236-BD2B-5A96993E7319}.Debug|Any CPU.Build.0 = Debug|Any CPU
		{B1A137A0-82E4-4236-BD2B-5A96993E7319}.Release|Any CPU.ActiveCfg = Release|Any CPU
		{B1A137A0-82E4-4236-BD2B-5A96993E7319}.Release|Any CPU.Build.0 = Release|Any CPU
		{43B5F312-81B9-439E-9B4D-D039B99984D7}.Debug|Any CPU.ActiveCfg = Debug|Any CPU
		{43B5F312-81B9-439E-9B4D-D039B99984D7}.Debug|Any CPU.Build.0 = Debug|Any CPU
		{43B5F312-81B9-439E-9B4D-D039B99984D7}.Release|Any CPU.ActiveCfg = Release|Any CPU
		{43B5F312-81B9-439E-9B4D-D039B99984D7}.Release|Any CPU.Build.0 = Release|Any CPU
		{9ABA988E-4996-451C-8C66-65F4F1B00D2B}.Debug|Any CPU.ActiveCfg = Debug|Any CPU
		{9ABA988E-4996-451C-8C66-65F4F1B00D2B}.Debug|Any CPU.Build.0 = Debug|Any CPU
		{9ABA988E-4996-451C-8C66-65F4F1B00D2B}.Release|Any CPU.ActiveCfg = Release|Any CPU
		{9ABA988E-4996-451C-8C66-65F4F1B00D2B}.Release|Any CPU.Build.0 = Release|Any CPU
		{9F88E33A-28A5-4E77-B8CA-5123AB43A52E}.Debug|Any CPU.ActiveCfg = Debug|Any CPU
		{9F88E33A-28A5-4E77-B8CA-5123AB43A52E}.Debug|Any CPU.Build.0 = Debug|Any CPU
		{9F88E33A-28A5-4E77-B8CA-5123AB43A52E}.Release|Any CPU.ActiveCfg = Release|Any CPU
		{9F88E33A-28A5-4E77-B8CA-5123AB43A52E}.Release|Any CPU.Build.0 = Release|Any CPU
		{9DAEA9D5-E5AD-4D0E-8255-326B63198B6E}.Debug|Any CPU.ActiveCfg = Debug|Any CPU
		{9DAEA9D5-E5AD-4D0E-8255-326B63198B6E}.Debug|Any CPU.Build.0 = Debug|Any CPU
		{9DAEA9D5-E5AD-4D0E-8255-326B63198B6E}.Release|Any CPU.ActiveCfg = Release|Any CPU
		{9DAEA9D5-E5AD-4D0E-8255-326B63198B6E}.Release|Any CPU.Build.0 = Release|Any CPU
		{8518E28B-4B26-4819-9364-2BFC27435489}.Debug|Any CPU.ActiveCfg = Debug|Any CPU
		{8518E28B-4B26-4819-9364-2BFC27435489}.Debug|Any CPU.Build.0 = Debug|Any CPU
		{8518E28B-4B26-4819-9364-2BFC27435489}.Release|Any CPU.ActiveCfg = Release|Any CPU
		{8518E28B-4B26-4819-9364-2BFC27435489}.Release|Any CPU.Build.0 = Release|Any CPU
		{9DF0ECB1-0370-48CE-970C-74CC74D0124F}.Debug|Any CPU.ActiveCfg = Debug|Any CPU
		{9DF0ECB1-0370-48CE-970C-74CC74D0124F}.Debug|Any CPU.Build.0 = Debug|Any CPU
		{9DF0ECB1-0370-48CE-970C-74CC74D0124F}.Release|Any CPU.ActiveCfg = Release|Any CPU
		{9DF0ECB1-0370-48CE-970C-74CC74D0124F}.Release|Any CPU.Build.0 = Release|Any CPU
		{0FF8AB22-E79F-4400-918D-253D77CF6682}.Debug|Any CPU.ActiveCfg = Debug|Any CPU
		{0FF8AB22-E79F-4400-918D-253D77CF6682}.Debug|Any CPU.Build.0 = Debug|Any CPU
		{0FF8AB22-E79F-4400-918D-253D77CF6682}.Release|Any CPU.ActiveCfg = Release|Any CPU
		{0FF8AB22-E79F-4400-918D-253D77CF6682}.Release|Any CPU.Build.0 = Release|Any CPU
		{83C419A8-AA86-4814-B7BE-D1A84301C75B}.Debug|Any CPU.ActiveCfg = Debug|Any CPU
		{83C419A8-AA86-4814-B7BE-D1A84301C75B}.Debug|Any CPU.Build.0 = Debug|Any CPU
		{83C419A8-AA86-4814-B7BE-D1A84301C75B}.Release|Any CPU.ActiveCfg = Release|Any CPU
		{83C419A8-AA86-4814-B7BE-D1A84301C75B}.Release|Any CPU.Build.0 = Release|Any CPU
		{C5BB0954-BF0F-4EE5-ADA7-AED9C4A92DF9}.Debug|Any CPU.ActiveCfg = Debug|Any CPU
		{C5BB0954-BF0F-4EE5-ADA7-AED9C4A92DF9}.Debug|Any CPU.Build.0 = Debug|Any CPU
		{C5BB0954-BF0F-4EE5-ADA7-AED9C4A92DF9}.Release|Any CPU.ActiveCfg = Release|Any CPU
		{C5BB0954-BF0F-4EE5-ADA7-AED9C4A92DF9}.Release|Any CPU.Build.0 = Release|Any CPU
		{308882D7-DB15-4920-BA13-F99521A1B905}.Debug|Any CPU.ActiveCfg = Debug|Any CPU
		{308882D7-DB15-4920-BA13-F99521A1B905}.Debug|Any CPU.Build.0 = Debug|Any CPU
		{308882D7-DB15-4920-BA13-F99521A1B905}.Release|Any CPU.ActiveCfg = Release|Any CPU
		{308882D7-DB15-4920-BA13-F99521A1B905}.Release|Any CPU.Build.0 = Release|Any CPU
		{FADE9C5E-7899-4BF5-BB87-71FC38AE743F}.Debug|Any CPU.ActiveCfg = Debug|Any CPU
		{FADE9C5E-7899-4BF5-BB87-71FC38AE743F}.Debug|Any CPU.Build.0 = Debug|Any CPU
		{FADE9C5E-7899-4BF5-BB87-71FC38AE743F}.Release|Any CPU.ActiveCfg = Release|Any CPU
		{FADE9C5E-7899-4BF5-BB87-71FC38AE743F}.Release|Any CPU.Build.0 = Release|Any CPU
		{37C3ECDE-0B79-413B-9D7F-266E7AB41AA5}.Debug|Any CPU.ActiveCfg = Debug|Any CPU
		{37C3ECDE-0B79-413B-9D7F-266E7AB41AA5}.Debug|Any CPU.Build.0 = Debug|Any CPU
		{37C3ECDE-0B79-413B-9D7F-266E7AB41AA5}.Release|Any CPU.ActiveCfg = Release|Any CPU
		{37C3ECDE-0B79-413B-9D7F-266E7AB41AA5}.Release|Any CPU.Build.0 = Release|Any CPU
		{BB2183D4-47F1-4C1E-935F-EC86D3F6B4F2}.Debug|Any CPU.ActiveCfg = Debug|Any CPU
		{BB2183D4-47F1-4C1E-935F-EC86D3F6B4F2}.Debug|Any CPU.Build.0 = Debug|Any CPU
		{BB2183D4-47F1-4C1E-935F-EC86D3F6B4F2}.Release|Any CPU.ActiveCfg = Release|Any CPU
		{BB2183D4-47F1-4C1E-935F-EC86D3F6B4F2}.Release|Any CPU.Build.0 = Release|Any CPU
		{7A561973-6FB8-40DE-BE19-337DC336F3C8}.Debug|Any CPU.ActiveCfg = Debug|Any CPU
		{7A561973-6FB8-40DE-BE19-337DC336F3C8}.Debug|Any CPU.Build.0 = Debug|Any CPU
		{7A561973-6FB8-40DE-BE19-337DC336F3C8}.Release|Any CPU.ActiveCfg = Release|Any CPU
		{7A561973-6FB8-40DE-BE19-337DC336F3C8}.Release|Any CPU.Build.0 = Release|Any CPU
		{B3B84F2C-F1B5-4C10-A8ED-57C711F0434C}.Debug|Any CPU.ActiveCfg = Debug|Any CPU
		{B3B84F2C-F1B5-4C10-A8ED-57C711F0434C}.Debug|Any CPU.Build.0 = Debug|Any CPU
		{B3B84F2C-F1B5-4C10-A8ED-57C711F0434C}.Release|Any CPU.ActiveCfg = Release|Any CPU
		{B3B84F2C-F1B5-4C10-A8ED-57C711F0434C}.Release|Any CPU.Build.0 = Release|Any CPU
		{009C5D02-2A95-47FE-B9CF-A1096BC1AE0D}.Debug|Any CPU.ActiveCfg = Debug|Any CPU
		{009C5D02-2A95-47FE-B9CF-A1096BC1AE0D}.Debug|Any CPU.Build.0 = Debug|Any CPU
		{009C5D02-2A95-47FE-B9CF-A1096BC1AE0D}.Release|Any CPU.ActiveCfg = Release|Any CPU
		{009C5D02-2A95-47FE-B9CF-A1096BC1AE0D}.Release|Any CPU.Build.0 = Release|Any CPU
		{B6F8555E-0E47-467D-B720-D7B199D9A519}.Debug|Any CPU.ActiveCfg = Debug|Any CPU
		{B6F8555E-0E47-467D-B720-D7B199D9A519}.Debug|Any CPU.Build.0 = Debug|Any CPU
		{B6F8555E-0E47-467D-B720-D7B199D9A519}.Release|Any CPU.ActiveCfg = Release|Any CPU
		{B6F8555E-0E47-467D-B720-D7B199D9A519}.Release|Any CPU.Build.0 = Release|Any CPU
		{62F6794B-22B0-4EE0-B840-5E5D70D9E7B3}.Debug|Any CPU.ActiveCfg = Debug|Any CPU
		{62F6794B-22B0-4EE0-B840-5E5D70D9E7B3}.Debug|Any CPU.Build.0 = Debug|Any CPU
		{62F6794B-22B0-4EE0-B840-5E5D70D9E7B3}.Release|Any CPU.ActiveCfg = Release|Any CPU
		{62F6794B-22B0-4EE0-B840-5E5D70D9E7B3}.Release|Any CPU.Build.0 = Release|Any CPU
		{EF1B1B7D-444D-4ADF-B60C-029DBD9E5130}.Debug|Any CPU.ActiveCfg = Debug|Any CPU
		{EF1B1B7D-444D-4ADF-B60C-029DBD9E5130}.Debug|Any CPU.Build.0 = Debug|Any CPU
		{EF1B1B7D-444D-4ADF-B60C-029DBD9E5130}.Release|Any CPU.ActiveCfg = Release|Any CPU
		{EF1B1B7D-444D-4ADF-B60C-029DBD9E5130}.Release|Any CPU.Build.0 = Release|Any CPU
	EndGlobalSection
	GlobalSection(SolutionProperties) = preSolution
		HideSolutionNode = FALSE
	EndGlobalSection
	GlobalSection(NestedProjects) = preSolution
		{D33B4B7C-8859-40AE-ABBE-77EAFFB87EBE} = {46D9A9F0-ECF3-4358-BA8A-6A82DD39297E}
		{46D9A9F0-ECF3-4358-BA8A-6A82DD39297E} = {907E93C5-BB50-4712-91B5-6C28D2CEF70B}
		{F24A0C7D-DBCA-4FD1-A88C-ACBB016E10F7} = {46D9A9F0-ECF3-4358-BA8A-6A82DD39297E}
		{02F9EBBD-920F-40FF-94BA-3C321114C8C6} = {1EDEDA00-FA06-42ED-9559-2E374F27D383}
		{1EDEDA00-FA06-42ED-9559-2E374F27D383} = {907E93C5-BB50-4712-91B5-6C28D2CEF70B}
		{C2AAE091-380D-4FF3-A7D0-49F908AC5459} = {907E93C5-BB50-4712-91B5-6C28D2CEF70B}
		{76D1CB95-4496-4AAF-B441-004FB1937071} = {C2AAE091-380D-4FF3-A7D0-49F908AC5459}
		{EF467C29-810C-47BE-9383-9DB468ACEC1A} = {C2AAE091-380D-4FF3-A7D0-49F908AC5459}
		{900A8EA8-46AF-4FB9-9C05-6142963522B3} = {C2AAE091-380D-4FF3-A7D0-49F908AC5459}
		{F4B26270-045D-484A-BAED-AABE8BFBAF8B} = {907E93C5-BB50-4712-91B5-6C28D2CEF70B}
		{43939D8D-2F42-4CA7-8846-4996DE990EF9} = {F4B26270-045D-484A-BAED-AABE8BFBAF8B}
		{D676F94C-8831-4559-B196-8DBCCA4D74FE} = {F4B26270-045D-484A-BAED-AABE8BFBAF8B}
		{F4BE7C85-E69E-4246-A7A7-E2CC4ABF9AD5} = {F4B26270-045D-484A-BAED-AABE8BFBAF8B}
		{81DBF425-8959-4262-AD99-90268D7A7F57} = {907E93C5-BB50-4712-91B5-6C28D2CEF70B}
		{97F4EC81-3B2E-4A0B-9B43-B4714DC5723B} = {81DBF425-8959-4262-AD99-90268D7A7F57}
		{161C988F-5CDA-4F03-8739-74B3D5A486CA} = {81DBF425-8959-4262-AD99-90268D7A7F57}
		{1F5AF6CC-C63C-4DA3-BF00-7E664067AC7B} = {81DBF425-8959-4262-AD99-90268D7A7F57}
		{E42A2159-23C5-491D-B2A5-830E50FB7121} = {907E93C5-BB50-4712-91B5-6C28D2CEF70B}
		{B9B10E5D-ED2D-40C3-B58E-2F7B17F17503} = {E42A2159-23C5-491D-B2A5-830E50FB7121}
		{AD50BCC6-B560-4A7C-8676-7ECD1DE68312} = {E42A2159-23C5-491D-B2A5-830E50FB7121}
		{B1A137A0-82E4-4236-BD2B-5A96993E7319} = {E42A2159-23C5-491D-B2A5-830E50FB7121}
		{94EFBF16-887E-4358-8024-1526655969BB} = {907E93C5-BB50-4712-91B5-6C28D2CEF70B}
		{43B5F312-81B9-439E-9B4D-D039B99984D7} = {94EFBF16-887E-4358-8024-1526655969BB}
		{9ABA988E-4996-451C-8C66-65F4F1B00D2B} = {94EFBF16-887E-4358-8024-1526655969BB}
		{9F88E33A-28A5-4E77-B8CA-5123AB43A52E} = {94EFBF16-887E-4358-8024-1526655969BB}
		{04C73AD9-5881-4C86-ABEC-BC061B937F5B} = {907E93C5-BB50-4712-91B5-6C28D2CEF70B}
		{9DAEA9D5-E5AD-4D0E-8255-326B63198B6E} = {04C73AD9-5881-4C86-ABEC-BC061B937F5B}
		{8518E28B-4B26-4819-9364-2BFC27435489} = {04C73AD9-5881-4C86-ABEC-BC061B937F5B}
		{9DF0ECB1-0370-48CE-970C-74CC74D0124F} = {04C73AD9-5881-4C86-ABEC-BC061B937F5B}
		{0BD5CC4C-AD5F-4945-97DD-2D1F2ECF0717} = {907E93C5-BB50-4712-91B5-6C28D2CEF70B}
		{0FF8AB22-E79F-4400-918D-253D77CF6682} = {0BD5CC4C-AD5F-4945-97DD-2D1F2ECF0717}
		{83C419A8-AA86-4814-B7BE-D1A84301C75B} = {0BD5CC4C-AD5F-4945-97DD-2D1F2ECF0717}
		{C5BB0954-BF0F-4EE5-ADA7-AED9C4A92DF9} = {0BD5CC4C-AD5F-4945-97DD-2D1F2ECF0717}
		{308882D7-DB15-4920-BA13-F99521A1B905} = {04C73AD9-5881-4C86-ABEC-BC061B937F5B}
		{F9B2F3BF-7832-4FF0-BB9B-59760B197A70} = {943AE22E-08E9-43AB-854A-F6E840D1565D}
		{FADE9C5E-7899-4BF5-BB87-71FC38AE743F} = {F9B2F3BF-7832-4FF0-BB9B-59760B197A70}
		{AA6E65C4-C12D-4C05-B87D-E3644568365D} = {943AE22E-08E9-43AB-854A-F6E840D1565D}
		{37C3ECDE-0B79-413B-9D7F-266E7AB41AA5} = {AA6E65C4-C12D-4C05-B87D-E3644568365D}
		{BB2183D4-47F1-4C1E-935F-EC86D3F6B4F2} = {AA6E65C4-C12D-4C05-B87D-E3644568365D}
		{62F08F8E-3AB4-441E-8E52-866A2933AD94} = {943AE22E-08E9-43AB-854A-F6E840D1565D}
		{7A561973-6FB8-40DE-BE19-337DC336F3C8} = {62F08F8E-3AB4-441E-8E52-866A2933AD94}
		{B3B84F2C-F1B5-4C10-A8ED-57C711F0434C} = {62F08F8E-3AB4-441E-8E52-866A2933AD94}
		{009C5D02-2A95-47FE-B9CF-A1096BC1AE0D} = {62F08F8E-3AB4-441E-8E52-866A2933AD94}
		{BD7D4C97-8CD0-4FC6-ABA1-158ED3638223} = {943AE22E-08E9-43AB-854A-F6E840D1565D}
		{ECE3A9BA-4B59-4B8C-9F99-8202FF5F9538} = {943AE22E-08E9-43AB-854A-F6E840D1565D}
		{B6F8555E-0E47-467D-B720-D7B199D9A519} = {BD7D4C97-8CD0-4FC6-ABA1-158ED3638223}
		{62F6794B-22B0-4EE0-B840-5E5D70D9E7B3} = {BD7D4C97-8CD0-4FC6-ABA1-158ED3638223}
		{EF1B1B7D-444D-4ADF-B60C-029DBD9E5130} = {BD7D4C97-8CD0-4FC6-ABA1-158ED3638223}
	EndGlobalSection
EndGlobal
